
Microsoft Visual Studio Solution File, Format Version 12.00
# Visual Studio Version 16
VisualStudioVersion = 16.0.32630.194
MinimumVisualStudioVersion = 10.0.40219.1
Project("{FAE04EC0-301F-11D3-BF4B-00C04F79EFBC}") = "xml_writeRead", "xml_writeRead\xml_writeRead.csproj", "{2F6049E7-2A8A-430D-8A7E-FD8F67E24817}"
EndProject
Global
	GlobalSection(SolutionConfigurationPlatforms) = preSolution
		Debug|Any CPU = Debug|Any CPU
		Release|Any CPU = Release|Any CPU
	EndGlobalSection
	GlobalSection(ProjectConfigurationPlatforms) = postSolution
		{2F6049E7-2A8A-430D-8A7E-FD8F67E24817}.Debug|Any CPU.ActiveCfg = Debug|Any CPU
		{2F6049E7-2A8A-430D-8A7E-FD8F67E24817}.Debug|Any CPU.Build.0 = Debug|Any CPU
		{2F6049E7-2A8A-430D-8A7E-FD8F67E24817}.Release|Any CPU.ActiveCfg = Release|Any CPU
		{2F6049E7-2A8A-430D-8A7E-FD8F67E24817}.Release|Any CPU.Build.0 = Release|Any CPU
	EndGlobalSection
	GlobalSection(SolutionProperties) = preSolution
		HideSolutionNode = FALSE
	EndGlobalSection
	GlobalSection(ExtensibilityGlobals) = postSolution
		SolutionGuid = {3B8826DD-6EED-4D96-A76D-42279DE17A37}
	EndGlobalSection
EndGlobal
